
Microsoft Visual Studio Solution File, Format Version 12.00
# Visual Studio Version 18
VisualStudioVersion = 18.0.11222.15
MinimumVisualStudioVersion = 10.0.40219.1
Project("{FAE04EC0-301F-11D3-BF4B-00C04F79EFBC}") = "LatokoneAI.Common", "KamuCommon\LatokoneAI.Common.csproj", "{C132343C-8834-4355-B0C2-383383E7449D}"
EndProject
Project("{FAE04EC0-301F-11D3-BF4B-00C04F79EFBC}") = "LatokoneAI.Engine", "KamuAIEngine\LatokoneAI.Engine.csproj", "{B15399F6-DFDB-465D-A781-D758E669D9E8}"
EndProject
Project("{FAE04EC0-301F-11D3-BF4B-00C04F79EFBC}") = "YoloProcessPlugin", "Plugins\YoloPluginProcess\YoloProcessPlugin.csproj", "{BB8FBBE9-6C41-8425-A7AE-9EB9FBB79D3E}"
EndProject
Project("{2150E333-8FDC-42A3-9474-1A3956D46DE8}") = "Plugins", "Plugins", "{26D7BC72-F124-4452-AEB3-9B4C0860BF76}"
EndProject
Project("{FAE04EC0-301F-11D3-BF4B-00C04F79EFBC}") = "KokoroProcessPlugin", "Plugins\KokoroProcessPlugin\KokoroProcessPlugin.csproj", "{AAFB136D-95E4-1A32-8EF4-FC8A69350A83}"
EndProject
Project("{FAE04EC0-301F-11D3-BF4B-00C04F79EFBC}") = "LlamaChatProcessPlugin", "Plugins\LlamaChatProcessPlugin\LlamaChatProcessPlugin.csproj", "{DBE8C0C6-F75E-4326-DC08-6DF6CB8C30DF}"
EndProject
Project("{FAE04EC0-301F-11D3-BF4B-00C04F79EFBC}") = "OllamaProcessPlugin", "Plugins\OllamaProcessPlugin\OllamaProcessPlugin.csproj", "{93BA6CC3-9E08-1907-7BA6-92253B4E27D7}"
EndProject
Project("{FAE04EC0-301F-11D3-BF4B-00C04F79EFBC}") = "WhisperProcessPlugin", "Plugins\WhisperProcessPlugin\WhisperProcessPlugin.csproj", "{C256FC3D-6D67-93C7-C20C-7E364915A433}"
EndProject
Project("{2150E333-8FDC-42A3-9474-1A3956D46DE8}") = "Examples", "Examples", "{0E6690F3-41AE-484C-AA29-9462DB7236E6}"
EndProject
Project("{FAE04EC0-301F-11D3-BF4B-00C04F79EFBC}") = "WPFExample", "Examples\KamuWPFApp\WPFExample.csproj", "{E74529DD-9425-1BD1-8F0E-7E7C3E4A0DD6}"
EndProject
Project("{FAE04EC0-301F-11D3-BF4B-00C04F79EFBC}") = "ImageGeneration", "Plugins\ImageGeneration\ImageGeneration.csproj", "{7981C170-1FA9-4CFA-BEED-4721798D279D}"
EndProject
Project("{FAE04EC0-301F-11D3-BF4B-00C04F79EFBC}") = "ConsoleLLM", "Examples\ConsoleLLM\ConsoleLLM.csproj", "{58F5BBBC-DD4E-D437-47ED-6710A62701DC}"
EndProject
Global
	GlobalSection(SolutionConfigurationPlatforms) = preSolution
		Debug|Any CPU = Debug|Any CPU
		Debug|x64 = Debug|x64
		Release|Any CPU = Release|Any CPU
		Release|x64 = Release|x64
	EndGlobalSection
	GlobalSection(ProjectConfigurationPlatforms) = postSolution
		{C132343C-8834-4355-B0C2-383383E7449D}.Debug|Any CPU.ActiveCfg = Debug|Any CPU
		{C132343C-8834-4355-B0C2-383383E7449D}.Debug|Any CPU.Build.0 = Debug|Any CPU
		{C132343C-8834-4355-B0C2-383383E7449D}.Debug|x64.ActiveCfg = Debug|Any CPU
		{C132343C-8834-4355-B0C2-383383E7449D}.Debug|x64.Build.0 = Debug|Any CPU
		{C132343C-8834-4355-B0C2-383383E7449D}.Release|Any CPU.ActiveCfg = Release|Any CPU
		{C132343C-8834-4355-B0C2-383383E7449D}.Release|Any CPU.Build.0 = Release|Any CPU
		{C132343C-8834-4355-B0C2-383383E7449D}.Release|x64.ActiveCfg = Release|Any CPU
		{C132343C-8834-4355-B0C2-383383E7449D}.Release|x64.Build.0 = Release|Any CPU
		{B15399F6-DFDB-465D-A781-D758E669D9E8}.Debug|Any CPU.ActiveCfg = Debug|Any CPU
		{B15399F6-DFDB-465D-A781-D758E669D9E8}.Debug|Any CPU.Build.0 = Debug|Any CPU
		{B15399F6-DFDB-465D-A781-D758E669D9E8}.Debug|x64.ActiveCfg = Debug|Any CPU
		{B15399F6-DFDB-465D-A781-D758E669D9E8}.Debug|x64.Build.0 = Debug|Any CPU
		{B15399F6-DFDB-465D-A781-D758E669D9E8}.Release|Any CPU.ActiveCfg = Release|Any CPU
		{B15399F6-DFDB-465D-A781-D758E669D9E8}.Release|Any CPU.Build.0 = Release|Any CPU
		{B15399F6-DFDB-465D-A781-D758E669D9E8}.Release|x64.ActiveCfg = Release|Any CPU
		{B15399F6-DFDB-465D-A781-D758E669D9E8}.Release|x64.Build.0 = Release|Any CPU
		{BB8FBBE9-6C41-8425-A7AE-9EB9FBB79D3E}.Debug|Any CPU.ActiveCfg = Debug|Any CPU
		{BB8FBBE9-6C41-8425-A7AE-9EB9FBB79D3E}.Debug|Any CPU.Build.0 = Debug|Any CPU
		{BB8FBBE9-6C41-8425-A7AE-9EB9FBB79D3E}.Debug|x64.ActiveCfg = Debug|Any CPU
		{BB8FBBE9-6C41-8425-A7AE-9EB9FBB79D3E}.Debug|x64.Build.0 = Debug|Any CPU
		{BB8FBBE9-6C41-8425-A7AE-9EB9FBB79D3E}.Release|Any CPU.ActiveCfg = Release|Any CPU
		{BB8FBBE9-6C41-8425-A7AE-9EB9FBB79D3E}.Release|Any CPU.Build.0 = Release|Any CPU
		{BB8FBBE9-6C41-8425-A7AE-9EB9FBB79D3E}.Release|x64.ActiveCfg = Release|Any CPU
		{BB8FBBE9-6C41-8425-A7AE-9EB9FBB79D3E}.Release|x64.Build.0 = Release|Any CPU
		{AAFB136D-95E4-1A32-8EF4-FC8A69350A83}.Debug|Any CPU.ActiveCfg = Debug|Any CPU
		{AAFB136D-95E4-1A32-8EF4-FC8A69350A83}.Debug|Any CPU.Build.0 = Debug|Any CPU
		{AAFB136D-95E4-1A32-8EF4-FC8A69350A83}.Debug|x64.ActiveCfg = Debug|Any CPU
		{AAFB136D-95E4-1A32-8EF4-FC8A69350A83}.Debug|x64.Build.0 = Debug|Any CPU
		{AAFB136D-95E4-1A32-8EF4-FC8A69350A83}.Release|Any CPU.ActiveCfg = Release|Any CPU
		{AAFB136D-95E4-1A32-8EF4-FC8A69350A83}.Release|Any CPU.Build.0 = Release|Any CPU
		{AAFB136D-95E4-1A32-8EF4-FC8A69350A83}.Release|x64.ActiveCfg = Release|Any CPU
		{AAFB136D-95E4-1A32-8EF4-FC8A69350A83}.Release|x64.Build.0 = Release|Any CPU
		{DBE8C0C6-F75E-4326-DC08-6DF6CB8C30DF}.Debug|Any CPU.ActiveCfg = Debug|Any CPU
		{DBE8C0C6-F75E-4326-DC08-6DF6CB8C30DF}.Debug|Any CPU.Build.0 = Debug|Any CPU
		{DBE8C0C6-F75E-4326-DC08-6DF6CB8C30DF}.Debug|x64.ActiveCfg = Debug|Any CPU
		{DBE8C0C6-F75E-4326-DC08-6DF6CB8C30DF}.Debug|x64.Build.0 = Debug|Any CPU
		{DBE8C0C6-F75E-4326-DC08-6DF6CB8C30DF}.Release|Any CPU.ActiveCfg = Release|Any CPU
		{DBE8C0C6-F75E-4326-DC08-6DF6CB8C30DF}.Release|Any CPU.Build.0 = Release|Any CPU
		{DBE8C0C6-F75E-4326-DC08-6DF6CB8C30DF}.Release|x64.ActiveCfg = Release|Any CPU
		{DBE8C0C6-F75E-4326-DC08-6DF6CB8C30DF}.Release|x64.Build.0 = Release|Any CPU
		{93BA6CC3-9E08-1907-7BA6-92253B4E27D7}.Debug|Any CPU.ActiveCfg = Debug|Any CPU
		{93BA6CC3-9E08-1907-7BA6-92253B4E27D7}.Debug|Any CPU.Build.0 = Debug|Any CPU
		{93BA6CC3-9E08-1907-7BA6-92253B4E27D7}.Debug|x64.ActiveCfg = Debug|Any CPU
		{93BA6CC3-9E08-1907-7BA6-92253B4E27D7}.Debug|x64.Build.0 = Debug|Any CPU
		{93BA6CC3-9E08-1907-7BA6-92253B4E27D7}.Release|Any CPU.ActiveCfg = Release|Any CPU
		{93BA6CC3-9E08-1907-7BA6-92253B4E27D7}.Release|Any CPU.Build.0 = Release|Any CPU
		{93BA6CC3-9E08-1907-7BA6-92253B4E27D7}.Release|x64.ActiveCfg = Release|Any CPU
		{93BA6CC3-9E08-1907-7BA6-92253B4E27D7}.Release|x64.Build.0 = Release|Any CPU
		{C256FC3D-6D67-93C7-C20C-7E364915A433}.Debug|Any CPU.ActiveCfg = Debug|Any CPU
		{C256FC3D-6D67-93C7-C20C-7E364915A433}.Debug|Any CPU.Build.0 = Debug|Any CPU
		{C256FC3D-6D67-93C7-C20C-7E364915A433}.Debug|x64.ActiveCfg = Debug|Any CPU
		{C256FC3D-6D67-93C7-C20C-7E364915A433}.Debug|x64.Build.0 = Debug|Any CPU
		{C256FC3D-6D67-93C7-C20C-7E364915A433}.Release|Any CPU.ActiveCfg = Release|Any CPU
		{C256FC3D-6D67-93C7-C20C-7E364915A433}.Release|Any CPU.Build.0 = Release|Any CPU
		{C256FC3D-6D67-93C7-C20C-7E364915A433}.Release|x64.ActiveCfg = Release|Any CPU
		{C256FC3D-6D67-93C7-C20C-7E364915A433}.Release|x64.Build.0 = Release|Any CPU
		{E74529DD-9425-1BD1-8F0E-7E7C3E4A0DD6}.Debug|Any CPU.ActiveCfg = Debug|Any CPU
		{E74529DD-9425-1BD1-8F0E-7E7C3E4A0DD6}.Debug|Any CPU.Build.0 = Debug|Any CPU
		{E74529DD-9425-1BD1-8F0E-7E7C3E4A0DD6}.Debug|x64.ActiveCfg = Debug|x64
		{E74529DD-9425-1BD1-8F0E-7E7C3E4A0DD6}.Debug|x64.Build.0 = Debug|x64
		{E74529DD-9425-1BD1-8F0E-7E7C3E4A0DD6}.Release|Any CPU.ActiveCfg = Release|Any CPU
		{E74529DD-9425-1BD1-8F0E-7E7C3E4A0DD6}.Release|Any CPU.Build.0 = Release|Any CPU
		{E74529DD-9425-1BD1-8F0E-7E7C3E4A0DD6}.Release|x64.ActiveCfg = Release|x64
		{E74529DD-9425-1BD1-8F0E-7E7C3E4A0DD6}.Release|x64.Build.0 = Release|x64
		{7981C170-1FA9-4CFA-BEED-4721798D279D}.Debug|Any CPU.ActiveCfg = Debug|Any CPU
		{7981C170-1FA9-4CFA-BEED-4721798D279D}.Debug|Any CPU.Build.0 = Debug|Any CPU
		{7981C170-1FA9-4CFA-BEED-4721798D279D}.Debug|x64.ActiveCfg = Debug|Any CPU
		{7981C170-1FA9-4CFA-BEED-4721798D279D}.Debug|x64.Build.0 = Debug|Any CPU
		{7981C170-1FA9-4CFA-BEED-4721798D279D}.Release|Any CPU.ActiveCfg = Release|Any CPU
		{7981C170-1FA9-4CFA-BEED-4721798D279D}.Release|Any CPU.Build.0 = Release|Any CPU
		{7981C170-1FA9-4CFA-BEED-4721798D279D}.Release|x64.ActiveCfg = Release|Any CPU
		{7981C170-1FA9-4CFA-BEED-4721798D279D}.Release|x64.Build.0 = Release|Any CPU
		{58F5BBBC-DD4E-D437-47ED-6710A62701DC}.Debug|Any CPU.ActiveCfg = Debug|Any CPU
		{58F5BBBC-DD4E-D437-47ED-6710A62701DC}.Debug|Any CPU.Build.0 = Debug|Any CPU
		{58F5BBBC-DD4E-D437-47ED-6710A62701DC}.Debug|x64.ActiveCfg = Debug|Any CPU
		{58F5BBBC-DD4E-D437-47ED-6710A62701DC}.Debug|x64.Build.0 = Debug|Any CPU
		{58F5BBBC-DD4E-D437-47ED-6710A62701DC}.Release|Any CPU.ActiveCfg = Release|Any CPU
		{58F5BBBC-DD4E-D437-47ED-6710A62701DC}.Release|Any CPU.Build.0 = Release|Any CPU
		{58F5BBBC-DD4E-D437-47ED-6710A62701DC}.Release|x64.ActiveCfg = Release|Any CPU
		{58F5BBBC-DD4E-D437-47ED-6710A62701DC}.Release|x64.Build.0 = Release|Any CPU
	EndGlobalSection
	GlobalSection(SolutionProperties) = preSolution
		HideSolutionNode = FALSE
	EndGlobalSection
	GlobalSection(NestedProjects) = preSolution
		{BB8FBBE9-6C41-8425-A7AE-9EB9FBB79D3E} = {26D7BC72-F124-4452-AEB3-9B4C0860BF76}
		{AAFB136D-95E4-1A32-8EF4-FC8A69350A83} = {26D7BC72-F124-4452-AEB3-9B4C0860BF76}
		{DBE8C0C6-F75E-4326-DC08-6DF6CB8C30DF} = {26D7BC72-F124-4452-AEB3-9B4C0860BF76}
		{93BA6CC3-9E08-1907-7BA6-92253B4E27D7} = {26D7BC72-F124-4452-AEB3-9B4C0860BF76}
		{C256FC3D-6D67-93C7-C20C-7E364915A433} = {26D7BC72-F124-4452-AEB3-9B4C0860BF76}
		{E74529DD-9425-1BD1-8F0E-7E7C3E4A0DD6} = {0E6690F3-41AE-484C-AA29-9462DB7236E6}
		{7981C170-1FA9-4CFA-BEED-4721798D279D} = {26D7BC72-F124-4452-AEB3-9B4C0860BF76}
		{58F5BBBC-DD4E-D437-47ED-6710A62701DC} = {0E6690F3-41AE-484C-AA29-9462DB7236E6}
	EndGlobalSection
	GlobalSection(ExtensibilityGlobals) = postSolution
		SolutionGuid = {3D985AC7-7B49-4AC8-B538-94242E6DDB13}
	EndGlobalSection
EndGlobal
